
Microsoft Visual Studio Solution File, Format Version 12.00
# Visual Studio 14
VisualStudioVersion = 14.0.25420.1
MinimumVisualStudioVersion = 10.0.40219.1
Project("{FAE04EC0-301F-11D3-BF4B-00C04F79EFBC}") = "Aspen.DailyUpdates.Web.Application", "DailyUpdates\Aspen.DailyUpdates.Web.Application.csproj", "{2B10DB22-67AC-4E8A-880F-307FB377AF6E}"
EndProject
Project("{FAE04EC0-301F-11D3-BF4B-00C04F79EFBC}") = "Aspen.DailyUpdates.DBModel", "DBModel\Aspen.DailyUpdates.DBModel.csproj", "{00D07541-63E5-4FFB-A830-E746B5478C53}"
EndProject
Project("{FAE04EC0-301F-11D3-BF4B-00C04F79EFBC}") = "Aspen.DailyUpdates.DBModelTests", "DBModelTests\Aspen.DailyUpdates.DBModelTests.csproj", "{894EB202-A0BC-4D32-B8BD-B873C67EE68C}"
EndProject
Project("{FAE04EC0-301F-11D3-BF4B-00C04F79EFBC}") = "Aspen.DailyUpdates.Install", "Install\Aspen.DailyUpdates.Install.csproj", "{9367D592-77BF-4055-B29C-0E90C7F3B6E1}"
EndProject
Global
	GlobalSection(SolutionConfigurationPlatforms) = preSolution
		Debug|Any CPU = Debug|Any CPU
		Release|Any CPU = Release|Any CPU
	EndGlobalSection
	GlobalSection(ProjectConfigurationPlatforms) = postSolution
		{2B10DB22-67AC-4E8A-880F-307FB377AF6E}.Debug|Any CPU.ActiveCfg = Debug|Any CPU
		{2B10DB22-67AC-4E8A-880F-307FB377AF6E}.Debug|Any CPU.Build.0 = Debug|Any CPU
		{2B10DB22-67AC-4E8A-880F-307FB377AF6E}.Release|Any CPU.ActiveCfg = Release|Any CPU
		{2B10DB22-67AC-4E8A-880F-307FB377AF6E}.Release|Any CPU.Build.0 = Release|Any CPU
		{00D07541-63E5-4FFB-A830-E746B5478C53}.Debug|Any CPU.ActiveCfg = Debug|Any CPU
		{00D07541-63E5-4FFB-A830-E746B5478C53}.Debug|Any CPU.Build.0 = Debug|Any CPU
		{00D07541-63E5-4FFB-A830-E746B5478C53}.Release|Any CPU.ActiveCfg = Release|Any CPU
		{00D07541-63E5-4FFB-A830-E746B5478C53}.Release|Any CPU.Build.0 = Release|Any CPU
		{894EB202-A0BC-4D32-B8BD-B873C67EE68C}.Debug|Any CPU.ActiveCfg = Debug|Any CPU
		{894EB202-A0BC-4D32-B8BD-B873C67EE68C}.Debug|Any CPU.Build.0 = Debug|Any CPU
		{894EB202-A0BC-4D32-B8BD-B873C67EE68C}.Release|Any CPU.ActiveCfg = Release|Any CPU
		{894EB202-A0BC-4D32-B8BD-B873C67EE68C}.Release|Any CPU.Build.0 = Release|Any CPU
		{9367D592-77BF-4055-B29C-0E90C7F3B6E1}.Debug|Any CPU.ActiveCfg = Debug|Any CPU
		{9367D592-77BF-4055-B29C-0E90C7F3B6E1}.Debug|Any CPU.Build.0 = Debug|Any CPU
		{9367D592-77BF-4055-B29C-0E90C7F3B6E1}.Release|Any CPU.ActiveCfg = Release|Any CPU
		{9367D592-77BF-4055-B29C-0E90C7F3B6E1}.Release|Any CPU.Build.0 = Release|Any CPU
	EndGlobalSection
	GlobalSection(SolutionProperties) = preSolution
		HideSolutionNode = FALSE
	EndGlobalSection
EndGlobal
